
Microsoft Visual Studio Solution File, Format Version 12.00
# Visual Studio Version 17
VisualStudioVersion = 17.13.35828.75 d17.13
MinimumVisualStudioVersion = 10.0.40219.1
Project("{FAE04EC0-301F-11D3-BF4B-00C04F79EFBC}") = "HeroesVsMonsters", "HeroesVsMonsters\HeroesVsMonsters.csproj", "{6A6EB2FD-6B4A-40F6-A0A8-24AFAC8197D7}"
EndProject
Project("{FAE04EC0-301F-11D3-BF4B-00C04F79EFBC}") = "HeroesVsMonsters.Models", "HeroesVsMonsters.Models\HeroesVsMonsters.Models.csproj", "{913BFE02-F1A3-4051-A5EE-6D8974D48B18}"
EndProject
Global
	GlobalSection(SolutionConfigurationPlatforms) = preSolution
		Debug|Any CPU = Debug|Any CPU
		Release|Any CPU = Release|Any CPU
	EndGlobalSection
	GlobalSection(ProjectConfigurationPlatforms) = postSolution
		{6A6EB2FD-6B4A-40F6-A0A8-24AFAC8197D7}.Debug|Any CPU.ActiveCfg = Debug|Any CPU
		{6A6EB2FD-6B4A-40F6-A0A8-24AFAC8197D7}.Debug|Any CPU.Build.0 = Debug|Any CPU
		{6A6EB2FD-6B4A-40F6-A0A8-24AFAC8197D7}.Release|Any CPU.ActiveCfg = Release|Any CPU
		{6A6EB2FD-6B4A-40F6-A0A8-24AFAC8197D7}.Release|Any CPU.Build.0 = Release|Any CPU
		{913BFE02-F1A3-4051-A5EE-6D8974D48B18}.Debug|Any CPU.ActiveCfg = Debug|Any CPU
		{913BFE02-F1A3-4051-A5EE-6D8974D48B18}.Debug|Any CPU.Build.0 = Debug|Any CPU
		{913BFE02-F1A3-4051-A5EE-6D8974D48B18}.Release|Any CPU.ActiveCfg = Release|Any CPU
		{913BFE02-F1A3-4051-A5EE-6D8974D48B18}.Release|Any CPU.Build.0 = Release|Any CPU
	EndGlobalSection
	GlobalSection(SolutionProperties) = preSolution
		HideSolutionNode = FALSE
	EndGlobalSection
	GlobalSection(ExtensibilityGlobals) = postSolution
		SolutionGuid = {079ACFC5-9B28-46C1-8BA6-C3C9DBD9B8AD}
	EndGlobalSection
EndGlobal
